// !$*UTF8*$!
{
	archiveVersion = 1;
	classes = {
	};
	objectVersion = 55;
	objects = {

/* Begin PBXBuildFile section */
		112FF0F0281E96CB0042C3C3 /* CardView.swift in Sources */ = {isa = PBXBuildFile; fileRef = 112FF0EF281E96CB0042C3C3 /* CardView.swift */; };
		112FF0FA281EB79F0042C3C3 /* Home_N_CardView.swift in Sources */ = {isa = PBXBuildFile; fileRef = 112FF0F9281EB79F0042C3C3 /* Home_N_CardView.swift */; };
		112FF0FC281EB8440042C3C3 /* Home_P_CardView.swift in Sources */ = {isa = PBXBuildFile; fileRef = 112FF0FB281EB8440042C3C3 /* Home_P_CardView.swift */; };
		112FF0FE281EB9EA0042C3C3 /* Intro_CardView1.swift in Sources */ = {isa = PBXBuildFile; fileRef = 112FF0FD281EB9EA0042C3C3 /* Intro_CardView1.swift */; };
		112FF100281EBA310042C3C3 /* Intro_CardView2.swift in Sources */ = {isa = PBXBuildFile; fileRef = 112FF0FF281EBA310042C3C3 /* Intro_CardView2.swift */; };
		112FF102281EBAC40042C3C3 /* Intro_CardView3.swift in Sources */ = {isa = PBXBuildFile; fileRef = 112FF101281EBAC40042C3C3 /* Intro_CardView3.swift */; };
		112FF104281EBB2D0042C3C3 /* Intro_CardView4.swift in Sources */ = {isa = PBXBuildFile; fileRef = 112FF103281EBB2D0042C3C3 /* Intro_CardView4.swift */; };
		112FF109281EBD350042C3C3 /* Nellie.swift in Sources */ = {isa = PBXBuildFile; fileRef = 112FF108281EBD350042C3C3 /* Nellie.swift */; };
		112FF10C281EBD490042C3C3 /* Pat.swift in Sources */ = {isa = PBXBuildFile; fileRef = 112FF10B281EBD490042C3C3 /* Pat.swift */; };
		112FF114281F9F540042C3C3 /* Nellie_CardView1.swift in Sources */ = {isa = PBXBuildFile; fileRef = 112FF113281F9F540042C3C3 /* Nellie_CardView1.swift */; };
		112FF116281FA60E0042C3C3 /* colors.swift in Sources */ = {isa = PBXBuildFile; fileRef = 112FF115281FA60E0042C3C3 /* colors.swift */; };
		112FF118281FACA90042C3C3 /* Nellie_CardView2.swift in Sources */ = {isa = PBXBuildFile; fileRef = 112FF117281FACA90042C3C3 /* Nellie_CardView2.swift */; };
		112FF11C281FB2C40042C3C3 /* StartButton.swift in Sources */ = {isa = PBXBuildFile; fileRef = 112FF11B281FB2C40042C3C3 /* StartButton.swift */; };
		112FF11E281FB39F0042C3C3 /* IntroButton.swift in Sources */ = {isa = PBXBuildFile; fileRef = 112FF11D281FB39F0042C3C3 /* IntroButton.swift */; };
		112FF120281FBC1B0042C3C3 /* BoxingButton.swift in Sources */ = {isa = PBXBuildFile; fileRef = 112FF11F281FBC1B0042C3C3 /* BoxingButton.swift */; };
		112FF122281FBDA90042C3C3 /* Boxed.swift in Sources */ = {isa = PBXBuildFile; fileRef = 112FF121281FBDA90042C3C3 /* Boxed.swift */; };
		112FF124281FBE3C0042C3C3 /* BurialButton.swift in Sources */ = {isa = PBXBuildFile; fileRef = 112FF123281FBE3C0042C3C3 /* BurialButton.swift */; };
		112FF126281FC1D30042C3C3 /* SaveOrDelete.swift in Sources */ = {isa = PBXBuildFile; fileRef = 112FF125281FC1D30042C3C3 /* SaveOrDelete.swift */; };
		112FF128281FC2420042C3C3 /* SaveButton.swift in Sources */ = {isa = PBXBuildFile; fileRef = 112FF127281FC2420042C3C3 /* SaveButton.swift */; };
		112FF12A281FC2490042C3C3 /* DeleteButton.swift in Sources */ = {isa = PBXBuildFile; fileRef = 112FF129281FC2490042C3C3 /* DeleteButton.swift */; };
		112FF130281FED1C0042C3C3 /* Work.swift in Sources */ = {isa = PBXBuildFile; fileRef = 112FF12F281FED1C0042C3C3 /* Work.swift */; };
		112FF132282002D00042C3C3 /* Home_Work_CardView.swift in Sources */ = {isa = PBXBuildFile; fileRef = 112FF131282002D00042C3C3 /* Home_Work_CardView.swift */; };
		112FF134282006170042C3C3 /* Home_Thoughts_CardView.swift in Sources */ = {isa = PBXBuildFile; fileRef = 112FF133282006170042C3C3 /* Home_Thoughts_CardView.swift */; };
		112FF136282006270042C3C3 /* Thoughts.swift in Sources */ = {isa = PBXBuildFile; fileRef = 112FF135282006270042C3C3 /* Thoughts.swift */; };
		112FF13D28200D9E0042C3C3 /* Setting.swift in Sources */ = {isa = PBXBuildFile; fileRef = 112FF13C28200D9E0042C3C3 /* Setting.swift */; };
		112FF13F28200F550042C3C3 /* DoneButton.swift in Sources */ = {isa = PBXBuildFile; fileRef = 112FF13E28200F550042C3C3 /* DoneButton.swift */; };
		112FF141282010050042C3C3 /* GiveUpButton.swift in Sources */ = {isa = PBXBuildFile; fileRef = 112FF140282010050042C3C3 /* GiveUpButton.swift */; };
		112FF14D2820DE850042C3C3 /* Countdown.swift in Sources */ = {isa = PBXBuildFile; fileRef = 112FF14C2820DE850042C3C3 /* Countdown.swift */; };
		112FF14F2820E53D0042C3C3 /* Pat_CardView1.swift in Sources */ = {isa = PBXBuildFile; fileRef = 112FF14E2820E53D0042C3C3 /* Pat_CardView1.swift */; };
		112FF1512820E7590042C3C3 /* Pat_CardView2.swift in Sources */ = {isa = PBXBuildFile; fileRef = 112FF1502820E7590042C3C3 /* Pat_CardView2.swift */; };
		112FF1532820E9BB0042C3C3 /* CountdownButton.swift in Sources */ = {isa = PBXBuildFile; fileRef = 112FF1522820E9BB0042C3C3 /* CountdownButton.swift */; };
		112FF15728210C890042C3C3 /* GotoWork.swift in Sources */ = {isa = PBXBuildFile; fileRef = 112FF15628210C890042C3C3 /* GotoWork.swift */; };
		112FF15928210D4B0042C3C3 /* OkayButton.swift in Sources */ = {isa = PBXBuildFile; fileRef = 112FF15828210D4B0042C3C3 /* OkayButton.swift */; };
		112FF15B28210D570042C3C3 /* NoButton.swift in Sources */ = {isa = PBXBuildFile; fileRef = 112FF15A28210D570042C3C3 /* NoButton.swift */; };
		112FF15D282119120042C3C3 /* SaveThoughts.swift in Sources */ = {isa = PBXBuildFile; fileRef = 112FF15C282119120042C3C3 /* SaveThoughts.swift */; };
		112FF15F282119D60042C3C3 /* SaveButton2.swift in Sources */ = {isa = PBXBuildFile; fileRef = 112FF15E282119D60042C3C3 /* SaveButton2.swift */; };
		11B17884281ACD1200AD4C08 /* NPcandoitApp.swift in Sources */ = {isa = PBXBuildFile; fileRef = 11B17883281ACD1200AD4C08 /* NPcandoitApp.swift */; };
		11B17886281ACD1200AD4C08 /* ContentView.swift in Sources */ = {isa = PBXBuildFile; fileRef = 11B17885281ACD1200AD4C08 /* ContentView.swift */; };
		11B17888281ACD1400AD4C08 /* Assets.xcassets in Resources */ = {isa = PBXBuildFile; fileRef = 11B17887281ACD1400AD4C08 /* Assets.xcassets */; };
		11B1788B281ACD1400AD4C08 /* Preview Assets.xcassets in Resources */ = {isa = PBXBuildFile; fileRef = 11B1788A281ACD1400AD4C08 /* Preview Assets.xcassets */; };
		11B17896281B961200AD4C08 /* Home.swift in Sources */ = {isa = PBXBuildFile; fileRef = 11B17895281B961200AD4C08 /* Home.swift */; };
		11B17899281BB29D00AD4C08 /* Intro.swift in Sources */ = {isa = PBXBuildFile; fileRef = 11B17898281BB29D00AD4C08 /* Intro.swift */; };
/* End PBXBuildFile section */

/* Begin PBXFileReference section */
		112FF0EF281E96CB0042C3C3 /* CardView.swift */ = {isa = PBXFileReference; lastKnownFileType = sourcecode.swift; path = CardView.swift; sourceTree = "<group>"; };
		112FF0F9281EB79F0042C3C3 /* Home_N_CardView.swift */ = {isa = PBXFileReference; lastKnownFileType = sourcecode.swift; path = Home_N_CardView.swift; sourceTree = "<group>"; };
		112FF0FB281EB8440042C3C3 /* Home_P_CardView.swift */ = {isa = PBXFileReference; lastKnownFileType = sourcecode.swift; path = Home_P_CardView.swift; sourceTree = "<group>"; };
		112FF0FD281EB9EA0042C3C3 /* Intro_CardView1.swift */ = {isa = PBXFileReference; lastKnownFileType = sourcecode.swift; path = Intro_CardView1.swift; sourceTree = "<group>"; };
		112FF0FF281EBA310042C3C3 /* Intro_CardView2.swift */ = {isa = PBXFileReference; lastKnownFileType = sourcecode.swift; path = Intro_CardView2.swift; sourceTree = "<group>"; };
		112FF101281EBAC40042C3C3 /* Intro_CardView3.swift */ = {isa = PBXFileReference; lastKnownFileType = sourcecode.swift; path = Intro_CardView3.swift; sourceTree = "<group>"; };
		112FF103281EBB2D0042C3C3 /* Intro_CardView4.swift */ = {isa = PBXFileReference; lastKnownFileType = sourcecode.swift; path = Intro_CardView4.swift; sourceTree = "<group>"; };
		112FF108281EBD350042C3C3 /* Nellie.swift */ = {isa = PBXFileReference; lastKnownFileType = sourcecode.swift; path = Nellie.swift; sourceTree = "<group>"; };
		112FF10B281EBD490042C3C3 /* Pat.swift */ = {isa = PBXFileReference; lastKnownFileType = sourcecode.swift; path = Pat.swift; sourceTree = "<group>"; };
		112FF113281F9F540042C3C3 /* Nellie_CardView1.swift */ = {isa = PBXFileReference; lastKnownFileType = sourcecode.swift; path = Nellie_CardView1.swift; sourceTree = "<group>"; };
		112FF115281FA60E0042C3C3 /* colors.swift */ = {isa = PBXFileReference; lastKnownFileType = sourcecode.swift; path = colors.swift; sourceTree = "<group>"; };
		112FF117281FACA90042C3C3 /* Nellie_CardView2.swift */ = {isa = PBXFileReference; lastKnownFileType = sourcecode.swift; path = Nellie_CardView2.swift; sourceTree = "<group>"; };
		112FF11B281FB2C40042C3C3 /* StartButton.swift */ = {isa = PBXFileReference; lastKnownFileType = sourcecode.swift; path = StartButton.swift; sourceTree = "<group>"; };
		112FF11D281FB39F0042C3C3 /* IntroButton.swift */ = {isa = PBXFileReference; lastKnownFileType = sourcecode.swift; path = IntroButton.swift; sourceTree = "<group>"; };
		112FF11F281FBC1B0042C3C3 /* BoxingButton.swift */ = {isa = PBXFileReference; lastKnownFileType = sourcecode.swift; path = BoxingButton.swift; sourceTree = "<group>"; };
		112FF121281FBDA90042C3C3 /* Boxed.swift */ = {isa = PBXFileReference; lastKnownFileType = sourcecode.swift; path = Boxed.swift; sourceTree = "<group>"; };
		112FF123281FBE3C0042C3C3 /* BurialButton.swift */ = {isa = PBXFileReference; lastKnownFileType = sourcecode.swift; path = BurialButton.swift; sourceTree = "<group>"; };
		112FF125281FC1D30042C3C3 /* SaveOrDelete.swift */ = {isa = PBXFileReference; lastKnownFileType = sourcecode.swift; path = SaveOrDelete.swift; sourceTree = "<group>"; };
		112FF127281FC2420042C3C3 /* SaveButton.swift */ = {isa = PBXFileReference; lastKnownFileType = sourcecode.swift; path = SaveButton.swift; sourceTree = "<group>"; };
		112FF129281FC2490042C3C3 /* DeleteButton.swift */ = {isa = PBXFileReference; lastKnownFileType = sourcecode.swift; path = DeleteButton.swift; sourceTree = "<group>"; };
		112FF12F281FED1C0042C3C3 /* Work.swift */ = {isa = PBXFileReference; lastKnownFileType = sourcecode.swift; path = Work.swift; sourceTree = "<group>"; };
		112FF131282002D00042C3C3 /* Home_Work_CardView.swift */ = {isa = PBXFileReference; lastKnownFileType = sourcecode.swift; path = Home_Work_CardView.swift; sourceTree = "<group>"; };
		112FF133282006170042C3C3 /* Home_Thoughts_CardView.swift */ = {isa = PBXFileReference; lastKnownFileType = sourcecode.swift; path = Home_Thoughts_CardView.swift; sourceTree = "<group>"; };
		112FF135282006270042C3C3 /* Thoughts.swift */ = {isa = PBXFileReference; lastKnownFileType = sourcecode.swift; path = Thoughts.swift; sourceTree = "<group>"; };
		112FF13C28200D9E0042C3C3 /* Setting.swift */ = {isa = PBXFileReference; lastKnownFileType = sourcecode.swift; path = Setting.swift; sourceTree = "<group>"; };
		112FF13E28200F550042C3C3 /* DoneButton.swift */ = {isa = PBXFileReference; lastKnownFileType = sourcecode.swift; path = DoneButton.swift; sourceTree = "<group>"; };
		112FF140282010050042C3C3 /* GiveUpButton.swift */ = {isa = PBXFileReference; lastKnownFileType = sourcecode.swift; path = GiveUpButton.swift; sourceTree = "<group>"; };
		112FF14C2820DE850042C3C3 /* Countdown.swift */ = {isa = PBXFileReference; lastKnownFileType = sourcecode.swift; path = Countdown.swift; sourceTree = "<group>"; };
		112FF14E2820E53D0042C3C3 /* Pat_CardView1.swift */ = {isa = PBXFileReference; lastKnownFileType = sourcecode.swift; path = Pat_CardView1.swift; sourceTree = "<group>"; };
		112FF1502820E7590042C3C3 /* Pat_CardView2.swift */ = {isa = PBXFileReference; lastKnownFileType = sourcecode.swift; path = Pat_CardView2.swift; sourceTree = "<group>"; };
		112FF1522820E9BB0042C3C3 /* CountdownButton.swift */ = {isa = PBXFileReference; lastKnownFileType = sourcecode.swift; path = CountdownButton.swift; sourceTree = "<group>"; };
		112FF15628210C890042C3C3 /* GotoWork.swift */ = {isa = PBXFileReference; lastKnownFileType = sourcecode.swift; path = GotoWork.swift; sourceTree = "<group>"; };
		112FF15828210D4B0042C3C3 /* OkayButton.swift */ = {isa = PBXFileReference; lastKnownFileType = sourcecode.swift; path = OkayButton.swift; sourceTree = "<group>"; };
		112FF15A28210D570042C3C3 /* NoButton.swift */ = {isa = PBXFileReference; lastKnownFileType = sourcecode.swift; path = NoButton.swift; sourceTree = "<group>"; };
		112FF15C282119120042C3C3 /* SaveThoughts.swift */ = {isa = PBXFileReference; lastKnownFileType = sourcecode.swift; path = SaveThoughts.swift; sourceTree = "<group>"; };
		112FF15E282119D60042C3C3 /* SaveButton2.swift */ = {isa = PBXFileReference; lastKnownFileType = sourcecode.swift; path = SaveButton2.swift; sourceTree = "<group>"; };
		11B17880281ACD1200AD4C08 /* NPcandoit.app */ = {isa = PBXFileReference; explicitFileType = wrapper.application; includeInIndex = 0; path = NPcandoit.app; sourceTree = BUILT_PRODUCTS_DIR; };
		11B17883281ACD1200AD4C08 /* NPcandoitApp.swift */ = {isa = PBXFileReference; lastKnownFileType = sourcecode.swift; path = NPcandoitApp.swift; sourceTree = "<group>"; };
		11B17885281ACD1200AD4C08 /* ContentView.swift */ = {isa = PBXFileReference; lastKnownFileType = sourcecode.swift; path = ContentView.swift; sourceTree = "<group>"; };
		11B17887281ACD1400AD4C08 /* Assets.xcassets */ = {isa = PBXFileReference; lastKnownFileType = folder.assetcatalog; path = Assets.xcassets; sourceTree = "<group>"; };
		11B1788A281ACD1400AD4C08 /* Preview Assets.xcassets */ = {isa = PBXFileReference; lastKnownFileType = folder.assetcatalog; path = "Preview Assets.xcassets"; sourceTree = "<group>"; };
		11B17895281B961200AD4C08 /* Home.swift */ = {isa = PBXFileReference; lastKnownFileType = sourcecode.swift; path = Home.swift; sourceTree = "<group>"; };
		11B17898281BB29D00AD4C08 /* Intro.swift */ = {isa = PBXFileReference; lastKnownFileType = sourcecode.swift; path = Intro.swift; sourceTree = "<group>"; };
/* End PBXFileReference section */

/* Begin PBXFrameworksBuildPhase section */
		11B1787D281ACD1200AD4C08 /* Frameworks */ = {
			isa = PBXFrameworksBuildPhase;
			buildActionMask = 2147483647;
			files = (
			);
			runOnlyForDeploymentPostprocessing = 0;
		};
/* End PBXFrameworksBuildPhase section */

/* Begin PBXGroup section */
		112FF107281EBD220042C3C3 /* Nellie */ = {
			isa = PBXGroup;
			children = (
				112FF108281EBD350042C3C3 /* Nellie.swift */,
				112FF11F281FBC1B0042C3C3 /* BoxingButton.swift */,
				112FF123281FBE3C0042C3C3 /* BurialButton.swift */,
				112FF121281FBDA90042C3C3 /* Boxed.swift */,
				112FF125281FC1D30042C3C3 /* SaveOrDelete.swift */,
				112FF127281FC2420042C3C3 /* SaveButton.swift */,
				112FF15C282119120042C3C3 /* SaveThoughts.swift */,
				112FF15E282119D60042C3C3 /* SaveButton2.swift */,
				112FF129281FC2490042C3C3 /* DeleteButton.swift */,
				112FF113281F9F540042C3C3 /* Nellie_CardView1.swift */,
				112FF117281FACA90042C3C3 /* Nellie_CardView2.swift */,
			);
			path = Nellie;
			sourceTree = "<group>";
		};
		112FF10A281EBD3C0042C3C3 /* Pat */ = {
			isa = PBXGroup;
			children = (
				112FF10B281EBD490042C3C3 /* Pat.swift */,
				112FF14E2820E53D0042C3C3 /* Pat_CardView1.swift */,
				112FF1502820E7590042C3C3 /* Pat_CardView2.swift */,
				112FF15628210C890042C3C3 /* GotoWork.swift */,
				112FF1522820E9BB0042C3C3 /* CountdownButton.swift */,
				112FF15828210D4B0042C3C3 /* OkayButton.swift */,
				112FF15A28210D570042C3C3 /* NoButton.swift */,
				112FF14C2820DE850042C3C3 /* Countdown.swift */,
			);
			path = Pat;
			sourceTree = "<group>";
		};
		112FF12D281FECFA0042C3C3 /* Work */ = {
			isa = PBXGroup;
			children = (
				112FF12F281FED1C0042C3C3 /* Work.swift */,
				112FF13E28200F550042C3C3 /* DoneButton.swift */,
				112FF140282010050042C3C3 /* GiveUpButton.swift */,
			);
			path = Work;
			sourceTree = "<group>";
		};
		11B17877281ACD1200AD4C08 = {
			isa = PBXGroup;
			children = (
				112FF12D281FECFA0042C3C3 /* Work */,
				112FF10A281EBD3C0042C3C3 /* Pat */,
				112FF107281EBD220042C3C3 /* Nellie */,
				11B17897281BB27900AD4C08 /* Intro */,
				11B17894281B95F200AD4C08 /* Home */,
				11B17882281ACD1200AD4C08 /* NPcandoit */,
				11B17881281ACD1200AD4C08 /* Products */,
			);
			sourceTree = "<group>";
		};
		11B17881281ACD1200AD4C08 /* Products */ = {
			isa = PBXGroup;
			children = (
				11B17880281ACD1200AD4C08 /* NPcandoit.app */,
			);
			name = Products;
			sourceTree = "<group>";
		};
		11B17882281ACD1200AD4C08 /* NPcandoit */ = {
			isa = PBXGroup;
			children = (
				11B17883281ACD1200AD4C08 /* NPcandoitApp.swift */,
				112FF115281FA60E0042C3C3 /* colors.swift */,
				11B17885281ACD1200AD4C08 /* ContentView.swift */,
				112FF11B281FB2C40042C3C3 /* StartButton.swift */,
				11B17887281ACD1400AD4C08 /* Assets.xcassets */,
				11B17889281ACD1400AD4C08 /* Preview Content */,
			);
			path = NPcandoit;
			sourceTree = "<group>";
		};
		11B17889281ACD1400AD4C08 /* Preview Content */ = {
			isa = PBXGroup;
			children = (
				11B1788A281ACD1400AD4C08 /* Preview Assets.xcassets */,
			);
			path = "Preview Content";
			sourceTree = "<group>";
		};
		11B17894281B95F200AD4C08 /* Home */ = {
			isa = PBXGroup;
			children = (
				11B17895281B961200AD4C08 /* Home.swift */,
				112FF0F9281EB79F0042C3C3 /* Home_N_CardView.swift */,
				112FF133282006170042C3C3 /* Home_Thoughts_CardView.swift */,
				112FF131282002D00042C3C3 /* Home_Work_CardView.swift */,
				112FF0FB281EB8440042C3C3 /* Home_P_CardView.swift */,
				112FF135282006270042C3C3 /* Thoughts.swift */,
				112FF13C28200D9E0042C3C3 /* Setting.swift */,
			);
			path = Home;
			sourceTree = "<group>";
		};
		11B17897281BB27900AD4C08 /* Intro */ = {
			isa = PBXGroup;
			children = (
				11B17898281BB29D00AD4C08 /* Intro.swift */,
				112FF0EF281E96CB0042C3C3 /* CardView.swift */,
				112FF11D281FB39F0042C3C3 /* IntroButton.swift */,
				112FF0FD281EB9EA0042C3C3 /* Intro_CardView1.swift */,
				112FF0FF281EBA310042C3C3 /* Intro_CardView2.swift */,
				112FF101281EBAC40042C3C3 /* Intro_CardView3.swift */,
				112FF103281EBB2D0042C3C3 /* Intro_CardView4.swift */,
			);
			path = Intro;
			sourceTree = "<group>";
		};
/* End PBXGroup section */

/* Begin PBXNativeTarget section */
		11B1787F281ACD1200AD4C08 /* NPcandoit */ = {
			isa = PBXNativeTarget;
			buildConfigurationList = 11B1788E281ACD1400AD4C08 /* Build configuration list for PBXNativeTarget "NPcandoit" */;
			buildPhases = (
				11B1787C281ACD1200AD4C08 /* Sources */,
				11B1787D281ACD1200AD4C08 /* Frameworks */,
				11B1787E281ACD1200AD4C08 /* Resources */,
			);
			buildRules = (
			);
			dependencies = (
			);
			name = NPcandoit;
			productName = NPcandoit;
			productReference = 11B17880281ACD1200AD4C08 /* NPcandoit.app */;
			productType = "com.apple.product-type.application";
		};
/* End PBXNativeTarget section */

/* Begin PBXProject section */
		11B17878281ACD1200AD4C08 /* Project object */ = {
			isa = PBXProject;
			attributes = {
				BuildIndependentTargetsInParallel = 1;
				LastSwiftUpdateCheck = 1330;
				LastUpgradeCheck = 1330;
				TargetAttributes = {
					11B1787F281ACD1200AD4C08 = {
						CreatedOnToolsVersion = 13.3;
					};
				};
			};
			buildConfigurationList = 11B1787B281ACD1200AD4C08 /* Build configuration list for PBXProject "NPcandoit" */;
			compatibilityVersion = "Xcode 13.0";
			developmentRegion = en;
			hasScannedForEncodings = 0;
			knownRegions = (
				en,
				Base,
			);
			mainGroup = 11B17877281ACD1200AD4C08;
			productRefGroup = 11B17881281ACD1200AD4C08 /* Products */;
			projectDirPath = "";
			projectRoot = "";
			targets = (
				11B1787F281ACD1200AD4C08 /* NPcandoit */,
			);
		};
/* End PBXProject section */

/* Begin PBXResourcesBuildPhase section */
		11B1787E281ACD1200AD4C08 /* Resources */ = {
			isa = PBXResourcesBuildPhase;
			buildActionMask = 2147483647;
			files = (
				11B1788B281ACD1400AD4C08 /* Preview Assets.xcassets in Resources */,
				11B17888281ACD1400AD4C08 /* Assets.xcassets in Resources */,
			);
			runOnlyForDeploymentPostprocessing = 0;
		};
/* End PBXResourcesBuildPhase section */

/* Begin PBXSourcesBuildPhase section */
		11B1787C281ACD1200AD4C08 /* Sources */ = {
			isa = PBXSourcesBuildPhase;
			buildActionMask = 2147483647;
			files = (
				112FF15B28210D570042C3C3 /* NoButton.swift in Sources */,
				112FF116281FA60E0042C3C3 /* colors.swift in Sources */,
				112FF15D282119120042C3C3 /* SaveThoughts.swift in Sources */,
				112FF0F0281E96CB0042C3C3 /* CardView.swift in Sources */,
				112FF102281EBAC40042C3C3 /* Intro_CardView3.swift in Sources */,
				112FF0FE281EB9EA0042C3C3 /* Intro_CardView1.swift in Sources */,
				112FF0FC281EB8440042C3C3 /* Home_P_CardView.swift in Sources */,
				112FF109281EBD350042C3C3 /* Nellie.swift in Sources */,
				112FF120281FBC1B0042C3C3 /* BoxingButton.swift in Sources */,
				112FF136282006270042C3C3 /* Thoughts.swift in Sources */,
				112FF1512820E7590042C3C3 /* Pat_CardView2.swift in Sources */,
				112FF15728210C890042C3C3 /* GotoWork.swift in Sources */,
				112FF10C281EBD490042C3C3 /* Pat.swift in Sources */,
				112FF126281FC1D30042C3C3 /* SaveOrDelete.swift in Sources */,
				112FF0FA281EB79F0042C3C3 /* Home_N_CardView.swift in Sources */,
				112FF100281EBA310042C3C3 /* Intro_CardView2.swift in Sources */,
				112FF15928210D4B0042C3C3 /* OkayButton.swift in Sources */,
				112FF128281FC2420042C3C3 /* SaveButton.swift in Sources */,
				112FF132282002D00042C3C3 /* Home_Work_CardView.swift in Sources */,
				112FF14F2820E53D0042C3C3 /* Pat_CardView1.swift in Sources */,
				112FF104281EBB2D0042C3C3 /* Intro_CardView4.swift in Sources */,
				112FF1532820E9BB0042C3C3 /* CountdownButton.swift in Sources */,
				112FF13F28200F550042C3C3 /* DoneButton.swift in Sources */,
				11B17886281ACD1200AD4C08 /* ContentView.swift in Sources */,
				112FF134282006170042C3C3 /* Home_Thoughts_CardView.swift in Sources */,
				112FF118281FACA90042C3C3 /* Nellie_CardView2.swift in Sources */,
				11B17896281B961200AD4C08 /* Home.swift in Sources */,
				112FF13D28200D9E0042C3C3 /* Setting.swift in Sources */,
				112FF124281FBE3C0042C3C3 /* BurialButton.swift in Sources */,
				112FF130281FED1C0042C3C3 /* Work.swift in Sources */,
				112FF11E281FB39F0042C3C3 /* IntroButton.swift in Sources */,
				112FF141282010050042C3C3 /* GiveUpButton.swift in Sources */,
				11B17899281BB29D00AD4C08 /* Intro.swift in Sources */,
				112FF15F282119D60042C3C3 /* SaveButton2.swift in Sources */,
				112FF122281FBDA90042C3C3 /* Boxed.swift in Sources */,
				112FF12A281FC2490042C3C3 /* DeleteButton.swift in Sources */,
				112FF14D2820DE850042C3C3 /* Countdown.swift in Sources */,
				11B17884281ACD1200AD4C08 /* NPcandoitApp.swift in Sources */,
				112FF114281F9F540042C3C3 /* Nellie_CardView1.swift in Sources */,
				112FF11C281FB2C40042C3C3 /* StartButton.swift in Sources */,
			);
			runOnlyForDeploymentPostprocessing = 0;
		};
/* End PBXSourcesBuildPhase section */

/* Begin XCBuildConfiguration section */
		11B1788C281ACD1400AD4C08 /* Debug */ = {
			isa = XCBuildConfiguration;
			buildSettings = {
				ALWAYS_SEARCH_USER_PATHS = NO;
				CLANG_ANALYZER_NONNULL = YES;
				CLANG_ANALYZER_NUMBER_OBJECT_CONVERSION = YES_AGGRESSIVE;
				CLANG_CXX_LANGUAGE_STANDARD = "gnu++17";
				CLANG_ENABLE_MODULES = YES;
				CLANG_ENABLE_OBJC_ARC = YES;
				CLANG_ENABLE_OBJC_WEAK = YES;
				CLANG_WARN_BLOCK_CAPTURE_AUTORELEASING = YES;
				CLANG_WARN_BOOL_CONVERSION = YES;
				CLANG_WARN_COMMA = YES;
				CLANG_WARN_CONSTANT_CONVERSION = YES;
				CLANG_WARN_DEPRECATED_OBJC_IMPLEMENTATIONS = YES;
				CLANG_WARN_DIRECT_OBJC_ISA_USAGE = YES_ERROR;
				CLANG_WARN_DOCUMENTATION_COMMENTS = YES;
				CLANG_WARN_EMPTY_BODY = YES;
				CLANG_WARN_ENUM_CONVERSION = YES;
				CLANG_WARN_INFINITE_RECURSION = YES;
				CLANG_WARN_INT_CONVERSION = YES;
				CLANG_WARN_NON_LITERAL_NULL_CONVERSION = YES;
				CLANG_WARN_OBJC_IMPLICIT_RETAIN_SELF = YES;
				CLANG_WARN_OBJC_LITERAL_CONVERSION = YES;
				CLANG_WARN_OBJC_ROOT_CLASS = YES_ERROR;
				CLANG_WARN_QUOTED_INCLUDE_IN_FRAMEWORK_HEADER = YES;
				CLANG_WARN_RANGE_LOOP_ANALYSIS = YES;
				CLANG_WARN_STRICT_PROTOTYPES = YES;
				CLANG_WARN_SUSPICIOUS_MOVE = YES;
				CLANG_WARN_UNGUARDED_AVAILABILITY = YES_AGGRESSIVE;
				CLANG_WARN_UNREACHABLE_CODE = YES;
				CLANG_WARN__DUPLICATE_METHOD_MATCH = YES;
				COPY_PHASE_STRIP = NO;
				DEBUG_INFORMATION_FORMAT = dwarf;
				ENABLE_STRICT_OBJC_MSGSEND = YES;
				ENABLE_TESTABILITY = YES;
				GCC_C_LANGUAGE_STANDARD = gnu11;
				GCC_DYNAMIC_NO_PIC = NO;
				GCC_NO_COMMON_BLOCKS = YES;
				GCC_OPTIMIZATION_LEVEL = 0;
				GCC_PREPROCESSOR_DEFINITIONS = (
					"DEBUG=1",
					"$(inherited)",
				);
				GCC_WARN_64_TO_32_BIT_CONVERSION = YES;
				GCC_WARN_ABOUT_RETURN_TYPE = YES_ERROR;
				GCC_WARN_UNDECLARED_SELECTOR = YES;
				GCC_WARN_UNINITIALIZED_AUTOS = YES_AGGRESSIVE;
				GCC_WARN_UNUSED_FUNCTION = YES;
				GCC_WARN_UNUSED_VARIABLE = YES;
				IPHONEOS_DEPLOYMENT_TARGET = 15.4;
				MTL_ENABLE_DEBUG_INFO = INCLUDE_SOURCE;
				MTL_FAST_MATH = YES;
				ONLY_ACTIVE_ARCH = YES;
				SDKROOT = iphoneos;
				SWIFT_ACTIVE_COMPILATION_CONDITIONS = DEBUG;
				SWIFT_OPTIMIZATION_LEVEL = "-Onone";
			};
			name = Debug;
		};
		11B1788D281ACD1400AD4C08 /* Release */ = {
			isa = XCBuildConfiguration;
			buildSettings = {
				ALWAYS_SEARCH_USER_PATHS = NO;
				CLANG_ANALYZER_NONNULL = YES;
				CLANG_ANALYZER_NUMBER_OBJECT_CONVERSION = YES_AGGRESSIVE;
				CLANG_CXX_LANGUAGE_STANDARD = "gnu++17";
				CLANG_ENABLE_MODULES = YES;
				CLANG_ENABLE_OBJC_ARC = YES;
				CLANG_ENABLE_OBJC_WEAK = YES;
				CLANG_WARN_BLOCK_CAPTURE_AUTORELEASING = YES;
				CLANG_WARN_BOOL_CONVERSION = YES;
				CLANG_WARN_COMMA = YES;
				CLANG_WARN_CONSTANT_CONVERSION = YES;
				CLANG_WARN_DEPRECATED_OBJC_IMPLEMENTATIONS = YES;
				CLANG_WARN_DIRECT_OBJC_ISA_USAGE = YES_ERROR;
				CLANG_WARN_DOCUMENTATION_COMMENTS = YES;
				CLANG_WARN_EMPTY_BODY = YES;
				CLANG_WARN_ENUM_CONVERSION = YES;
				CLANG_WARN_INFINITE_RECURSION = YES;
				CLANG_WARN_INT_CONVERSION = YES;
				CLANG_WARN_NON_LITERAL_NULL_CONVERSION = YES;
				CLANG_WARN_OBJC_IMPLICIT_RETAIN_SELF = YES;
				CLANG_WARN_OBJC_LITERAL_CONVERSION = YES;
				CLANG_WARN_OBJC_ROOT_CLASS = YES_ERROR;
				CLANG_WARN_QUOTED_INCLUDE_IN_FRAMEWORK_HEADER = YES;
				CLANG_WARN_RANGE_LOOP_ANALYSIS = YES;
				CLANG_WARN_STRICT_PROTOTYPES = YES;
				CLANG_WARN_SUSPICIOUS_MOVE = YES;
				CLANG_WARN_UNGUARDED_AVAILABILITY = YES_AGGRESSIVE;
				CLANG_WARN_UNREACHABLE_CODE = YES;
				CLANG_WARN__DUPLICATE_METHOD_MATCH = YES;
				COPY_PHASE_STRIP = NO;
				DEBUG_INFORMATION_FORMAT = "dwarf-with-dsym";
				ENABLE_NS_ASSERTIONS = NO;
				ENABLE_STRICT_OBJC_MSGSEND = YES;
				GCC_C_LANGUAGE_STANDARD = gnu11;
				GCC_NO_COMMON_BLOCKS = YES;
				GCC_WARN_64_TO_32_BIT_CONVERSION = YES;
				GCC_WARN_ABOUT_RETURN_TYPE = YES_ERROR;
				GCC_WARN_UNDECLARED_SELECTOR = YES;
				GCC_WARN_UNINITIALIZED_AUTOS = YES_AGGRESSIVE;
				GCC_WARN_UNUSED_FUNCTION = YES;
				GCC_WARN_UNUSED_VARIABLE = YES;
				IPHONEOS_DEPLOYMENT_TARGET = 15.4;
				MTL_ENABLE_DEBUG_INFO = NO;
				MTL_FAST_MATH = YES;
				SDKROOT = iphoneos;
				SWIFT_COMPILATION_MODE = wholemodule;
				SWIFT_OPTIMIZATION_LEVEL = "-O";
				VALIDATE_PRODUCT = YES;
			};
			name = Release;
		};
		11B1788F281ACD1400AD4C08 /* Debug */ = {
			isa = XCBuildConfiguration;
			buildSettings = {
				ASSETCATALOG_COMPILER_APPICON_NAME = AppIcon;
				ASSETCATALOG_COMPILER_GLOBAL_ACCENT_COLOR_NAME = AccentColor;
				CODE_SIGN_STYLE = Automatic;
				CURRENT_PROJECT_VERSION = 1;
				DEVELOPMENT_ASSET_PATHS = "\"NPcandoit/Preview Content\"";
				ENABLE_PREVIEWS = YES;
				GENERATE_INFOPLIST_FILE = YES;
				INFOPLIST_KEY_UIApplicationSceneManifest_Generation = YES;
				INFOPLIST_KEY_UIApplicationSupportsIndirectInputEvents = YES;
				INFOPLIST_KEY_UILaunchScreen_Generation = YES;
				INFOPLIST_KEY_UISupportedInterfaceOrientations_iPad = "UIInterfaceOrientationPortrait UIInterfaceOrientationPortraitUpsideDown UIInterfaceOrientationLandscapeLeft UIInterfaceOrientationLandscapeRight";
				INFOPLIST_KEY_UISupportedInterfaceOrientations_iPhone = "UIInterfaceOrientationPortrait UIInterfaceOrientationLandscapeLeft UIInterfaceOrientationLandscapeRight";
				LD_RUNPATH_SEARCH_PATHS = (
					"$(inherited)",
					"@executable_path/Frameworks",
				);
				MARKETING_VERSION = 1.0;
				PRODUCT_BUNDLE_IDENTIFIER = developer.sophie.NPcandoit;
				PRODUCT_NAME = "$(TARGET_NAME)";
				SWIFT_EMIT_LOC_STRINGS = YES;
				SWIFT_VERSION = 5.0;
				TARGETED_DEVICE_FAMILY = "1,2";
			};
			name = Debug;
		};
		11B17890281ACD1400AD4C08 /* Release */ = {
			isa = XCBuildConfiguration;
			buildSettings = {
				ASSETCATALOG_COMPILER_APPICON_NAME = AppIcon;
				ASSETCATALOG_COMPILER_GLOBAL_ACCENT_COLOR_NAME = AccentColor;
				CODE_SIGN_STYLE = Automatic;
				CURRENT_PROJECT_VERSION = 1;
				DEVELOPMENT_ASSET_PATHS = "\"NPcandoit/Preview Content\"";
				ENABLE_PREVIEWS = YES;
				GENERATE_INFOPLIST_FILE = YES;
				INFOPLIST_KEY_UIApplicationSceneManifest_Generation = YES;
				INFOPLIST_KEY_UIApplicationSupportsIndirectInputEvents = YES;
				INFOPLIST_KEY_UILaunchScreen_Generation = YES;
				INFOPLIST_KEY_UISupportedInterfaceOrientations_iPad = "UIInterfaceOrientationPortrait UIInterfaceOrientationPortraitUpsideDown UIInterfaceOrientationLandscapeLeft UIInterfaceOrientationLandscapeRight";
				INFOPLIST_KEY_UISupportedInterfaceOrientations_iPhone = "UIInterfaceOrientationPortrait UIInterfaceOrientationLandscapeLeft UIInterfaceOrientationLandscapeRight";
				LD_RUNPATH_SEARCH_PATHS = (
					"$(inherited)",
					"@executable_path/Frameworks",
				);
				MARKETING_VERSION = 1.0;
				PRODUCT_BUNDLE_IDENTIFIER = developer.sophie.NPcandoit;
				PRODUCT_NAME = "$(TARGET_NAME)";
				SWIFT_EMIT_LOC_STRINGS = YES;
				SWIFT_VERSION = 5.0;
				TARGETED_DEVICE_FAMILY = "1,2";
			};
			name = Release;
		};
/* End XCBuildConfiguration section */

/* Begin XCConfigurationList section */
		11B1787B281ACD1200AD4C08 /* Build configuration list for PBXProject "NPcandoit" */ = {
			isa = XCConfigurationList;
			buildConfigurations = (
				11B1788C281ACD1400AD4C08 /* Debug */,
				11B1788D281ACD1400AD4C08 /* Release */,
			);
			defaultConfigurationIsVisible = 0;
			defaultConfigurationName = Release;
		};
		11B1788E281ACD1400AD4C08 /* Build configuration list for PBXNativeTarget "NPcandoit" */ = {
			isa = XCConfigurationList;
			buildConfigurations = (
				11B1788F281ACD1400AD4C08 /* Debug */,
				11B17890281ACD1400AD4C08 /* Release */,
			);
			defaultConfigurationIsVisible = 0;
			defaultConfigurationName = Release;
		};
/* End XCConfigurationList section */
	};
	rootObject = 11B17878281ACD1200AD4C08 /* Project object */;
}
